
Microsoft Visual Studio Solution File, Format Version 12.00
# Visual Studio Version 16
VisualStudioVersion = 16.0.30907.101
MinimumVisualStudioVersion = 10.0.40219.1
Project("{FAE04EC0-301F-11D3-BF4B-00C04F79EFBC}") = "HomeWork2", "HomeWork2\HomeWork2.csproj", "{14700FBA-921D-42ED-841D-364EA135B854}"
EndProject
Global
	GlobalSection(SolutionConfigurationPlatforms) = preSolution
		Debug|Any CPU = Debug|Any CPU
		Release|Any CPU = Release|Any CPU
	EndGlobalSection
	GlobalSection(ProjectConfigurationPlatforms) = postSolution
		{14700FBA-921D-42ED-841D-364EA135B854}.Debug|Any CPU.ActiveCfg = Debug|Any CPU
		{14700FBA-921D-42ED-841D-364EA135B854}.Debug|Any CPU.Build.0 = Debug|Any CPU
		{14700FBA-921D-42ED-841D-364EA135B854}.Release|Any CPU.ActiveCfg = Release|Any CPU
		{14700FBA-921D-42ED-841D-364EA135B854}.Release|Any CPU.Build.0 = Release|Any CPU
	EndGlobalSection
	GlobalSection(SolutionProperties) = preSolution
		HideSolutionNode = FALSE
	EndGlobalSection
	GlobalSection(ExtensibilityGlobals) = postSolution
		SolutionGuid = {802DFAF8-36ED-4C7F-8184-C41CC2347745}
	EndGlobalSection
EndGlobal
