
Microsoft Visual Studio Solution File, Format Version 12.00
# Visual Studio Version 16
VisualStudioVersion = 16.0.31112.23
MinimumVisualStudioVersion = 10.0.40219.1
Project("{FAE04EC0-301F-11D3-BF4B-00C04F79EFBC}") = "HW6", "HW6\HW6.csproj", "{B7E97716-AC74-423C-A5C8-E73770A5A5D7}"
EndProject
Project("{FAE04EC0-301F-11D3-BF4B-00C04F79EFBC}") = "HW6Tests", "HW6Tests\HW6Tests.csproj", "{D1BBE5EE-4AC1-4F86-B816-815543E93FAA}"
EndProject
Global
	GlobalSection(SolutionConfigurationPlatforms) = preSolution
		Debug|Any CPU = Debug|Any CPU
		Release|Any CPU = Release|Any CPU
	EndGlobalSection
	GlobalSection(ProjectConfigurationPlatforms) = postSolution
		{B7E97716-AC74-423C-A5C8-E73770A5A5D7}.Debug|Any CPU.ActiveCfg = Debug|Any CPU
		{B7E97716-AC74-423C-A5C8-E73770A5A5D7}.Debug|Any CPU.Build.0 = Debug|Any CPU
		{B7E97716-AC74-423C-A5C8-E73770A5A5D7}.Release|Any CPU.ActiveCfg = Release|Any CPU
		{B7E97716-AC74-423C-A5C8-E73770A5A5D7}.Release|Any CPU.Build.0 = Release|Any CPU
		{D1BBE5EE-4AC1-4F86-B816-815543E93FAA}.Debug|Any CPU.ActiveCfg = Debug|Any CPU
		{D1BBE5EE-4AC1-4F86-B816-815543E93FAA}.Debug|Any CPU.Build.0 = Debug|Any CPU
		{D1BBE5EE-4AC1-4F86-B816-815543E93FAA}.Release|Any CPU.ActiveCfg = Release|Any CPU
		{D1BBE5EE-4AC1-4F86-B816-815543E93FAA}.Release|Any CPU.Build.0 = Release|Any CPU
	EndGlobalSection
	GlobalSection(SolutionProperties) = preSolution
		HideSolutionNode = FALSE
	EndGlobalSection
	GlobalSection(ExtensibilityGlobals) = postSolution
		SolutionGuid = {7596A02B-6527-41D8-8094-22530D993989}
	EndGlobalSection
EndGlobal
