
Microsoft Visual Studio Solution File, Format Version 12.00
# Visual Studio 15
VisualStudioVersion = 15.0.28010.2026
MinimumVisualStudioVersion = 10.0.40219.1
Project("{FAE04EC0-301F-11D3-BF4B-00C04F79EFBC}") = "OrderForm", "OrderForm\OrderForm.csproj", "{58782951-7EF6-4EEC-B2B2-EF904E5082B9}"
	ProjectSection(ProjectDependencies) = postProject
		{BCAA2B45-F75B-4C0E-A277-DE72B552A1C5} = {BCAA2B45-F75B-4C0E-A277-DE72B552A1C5}
	EndProjectSection
EndProject
Project("{FAE04EC0-301F-11D3-BF4B-00C04F79EFBC}") = "OrderApp", "OrderApp\OrderApp.csproj", "{BCAA2B45-F75B-4C0E-A277-DE72B552A1C5}"
EndProject
Global
	GlobalSection(SolutionConfigurationPlatforms) = preSolution
		Debug|Any CPU = Debug|Any CPU
		Release|Any CPU = Release|Any CPU
	EndGlobalSection
	GlobalSection(ProjectConfigurationPlatforms) = postSolution
		{58782951-7EF6-4EEC-B2B2-EF904E5082B9}.Debug|Any CPU.ActiveCfg = Debug|Any CPU
		{58782951-7EF6-4EEC-B2B2-EF904E5082B9}.Debug|Any CPU.Build.0 = Debug|Any CPU
		{58782951-7EF6-4EEC-B2B2-EF904E5082B9}.Release|Any CPU.ActiveCfg = Release|Any CPU
		{58782951-7EF6-4EEC-B2B2-EF904E5082B9}.Release|Any CPU.Build.0 = Release|Any CPU
		{BCAA2B45-F75B-4C0E-A277-DE72B552A1C5}.Debug|Any CPU.ActiveCfg = Debug|Any CPU
		{BCAA2B45-F75B-4C0E-A277-DE72B552A1C5}.Debug|Any CPU.Build.0 = Debug|Any CPU
		{BCAA2B45-F75B-4C0E-A277-DE72B552A1C5}.Release|Any CPU.ActiveCfg = Release|Any CPU
		{BCAA2B45-F75B-4C0E-A277-DE72B552A1C5}.Release|Any CPU.Build.0 = Release|Any CPU
	EndGlobalSection
	GlobalSection(SolutionProperties) = preSolution
		HideSolutionNode = FALSE
	EndGlobalSection
	GlobalSection(ExtensibilityGlobals) = postSolution
		SolutionGuid = {2DEE0FAA-2954-4F6D-9497-E6F6A5F36FF4}
	EndGlobalSection
EndGlobal
