
Microsoft Visual Studio Solution File, Format Version 12.00
# Visual Studio Version 16
VisualStudioVersion = 16.0.31321.278
MinimumVisualStudioVersion = 10.0.40219.1
Project("{FAE04EC0-301F-11D3-BF4B-00C04F79EFBC}") = "Order", "Order\Order.csproj", "{28136642-F98D-4E9F-8F0F-135153937E63}"
EndProject
Global
	GlobalSection(SolutionConfigurationPlatforms) = preSolution
		Debug|Any CPU = Debug|Any CPU
		Release|Any CPU = Release|Any CPU
	EndGlobalSection
	GlobalSection(ProjectConfigurationPlatforms) = postSolution
		{28136642-F98D-4E9F-8F0F-135153937E63}.Debug|Any CPU.ActiveCfg = Debug|Any CPU
		{28136642-F98D-4E9F-8F0F-135153937E63}.Debug|Any CPU.Build.0 = Debug|Any CPU
		{28136642-F98D-4E9F-8F0F-135153937E63}.Release|Any CPU.ActiveCfg = Release|Any CPU
		{28136642-F98D-4E9F-8F0F-135153937E63}.Release|Any CPU.Build.0 = Release|Any CPU
	EndGlobalSection
	GlobalSection(SolutionProperties) = preSolution
		HideSolutionNode = FALSE
	EndGlobalSection
	GlobalSection(ExtensibilityGlobals) = postSolution
		SolutionGuid = {47080495-60C9-45C7-8476-023087D21CB8}
	EndGlobalSection
EndGlobal
