
Microsoft Visual Studio Solution File, Format Version 12.00
# Visual Studio Version 16
VisualStudioVersion = 16.0.31105.61
MinimumVisualStudioVersion = 10.0.40219.1
Project("{FAE04EC0-301F-11D3-BF4B-00C04F79EFBC}") = "HomeWork4", "HomeWork4\HomeWork4.csproj", "{37027FFE-A867-41C7-9298-DF7B6C0C7A67}"
EndProject
Global
	GlobalSection(SolutionConfigurationPlatforms) = preSolution
		Debug|Any CPU = Debug|Any CPU
		Release|Any CPU = Release|Any CPU
	EndGlobalSection
	GlobalSection(ProjectConfigurationPlatforms) = postSolution
		{37027FFE-A867-41C7-9298-DF7B6C0C7A67}.Debug|Any CPU.ActiveCfg = Debug|Any CPU
		{37027FFE-A867-41C7-9298-DF7B6C0C7A67}.Debug|Any CPU.Build.0 = Debug|Any CPU
		{37027FFE-A867-41C7-9298-DF7B6C0C7A67}.Release|Any CPU.ActiveCfg = Release|Any CPU
		{37027FFE-A867-41C7-9298-DF7B6C0C7A67}.Release|Any CPU.Build.0 = Release|Any CPU
	EndGlobalSection
	GlobalSection(SolutionProperties) = preSolution
		HideSolutionNode = FALSE
	EndGlobalSection
	GlobalSection(ExtensibilityGlobals) = postSolution
		SolutionGuid = {A5B1243C-86FE-4AC5-BD22-740EA417986B}
	EndGlobalSection
EndGlobal
